
Microsoft Visual Studio Solution File, Format Version 12.00
# Visual Studio Version 17
VisualStudioVersion = 17.9.34728.123
MinimumVisualStudioVersion = 10.0.40219.1
Project("{9A19103F-16F7-4668-BE54-9A1E7A4F7556}") = "PastebinWebAPI", "PastebinWebAPI\PastebinWebAPI.csproj", "{21CD2082-ECC5-455E-A0A3-EE694B72D3F5}"
EndProject
Project("{E53339B2-1760-4266-BCC7-CA923CBCF16C}") = "docker-compose", "docker-compose.dcproj", "{FF292ED9-E21B-4AF8-BB49-07931D973BA8}"
EndProject
Project("{9A19103F-16F7-4668-BE54-9A1E7A4F7556}") = "PastebinWebAPI.BLL", "PastebinWebAPI.BLL\PastebinWebAPI.BLL.csproj", "{DF0383B3-CE4A-4FBD-B71A-0795A6ACCEC8}"
EndProject
Project("{9A19103F-16F7-4668-BE54-9A1E7A4F7556}") = "PastebinWebAPI.DAL", "PastebinWebAPI.DAL\PastebinWebAPI.DAL.csproj", "{D0DF8DC5-0AA8-4DC3-A410-0D34412EC5E5}"
EndProject
Global
	GlobalSection(SolutionConfigurationPlatforms) = preSolution
		Debug|Any CPU = Debug|Any CPU
		Release|Any CPU = Release|Any CPU
	EndGlobalSection
	GlobalSection(ProjectConfigurationPlatforms) = postSolution
		{21CD2082-ECC5-455E-A0A3-EE694B72D3F5}.Debug|Any CPU.ActiveCfg = Debug|Any CPU
		{21CD2082-ECC5-455E-A0A3-EE694B72D3F5}.Debug|Any CPU.Build.0 = Debug|Any CPU
		{21CD2082-ECC5-455E-A0A3-EE694B72D3F5}.Release|Any CPU.ActiveCfg = Release|Any CPU
		{21CD2082-ECC5-455E-A0A3-EE694B72D3F5}.Release|Any CPU.Build.0 = Release|Any CPU
		{FF292ED9-E21B-4AF8-BB49-07931D973BA8}.Debug|Any CPU.ActiveCfg = Debug|Any CPU
		{FF292ED9-E21B-4AF8-BB49-07931D973BA8}.Debug|Any CPU.Build.0 = Debug|Any CPU
		{FF292ED9-E21B-4AF8-BB49-07931D973BA8}.Release|Any CPU.ActiveCfg = Release|Any CPU
		{FF292ED9-E21B-4AF8-BB49-07931D973BA8}.Release|Any CPU.Build.0 = Release|Any CPU
		{DF0383B3-CE4A-4FBD-B71A-0795A6ACCEC8}.Debug|Any CPU.ActiveCfg = Debug|Any CPU
		{DF0383B3-CE4A-4FBD-B71A-0795A6ACCEC8}.Debug|Any CPU.Build.0 = Debug|Any CPU
		{DF0383B3-CE4A-4FBD-B71A-0795A6ACCEC8}.Release|Any CPU.ActiveCfg = Release|Any CPU
		{DF0383B3-CE4A-4FBD-B71A-0795A6ACCEC8}.Release|Any CPU.Build.0 = Release|Any CPU
		{D0DF8DC5-0AA8-4DC3-A410-0D34412EC5E5}.Debug|Any CPU.ActiveCfg = Debug|Any CPU
		{D0DF8DC5-0AA8-4DC3-A410-0D34412EC5E5}.Debug|Any CPU.Build.0 = Debug|Any CPU
		{D0DF8DC5-0AA8-4DC3-A410-0D34412EC5E5}.Release|Any CPU.ActiveCfg = Release|Any CPU
		{D0DF8DC5-0AA8-4DC3-A410-0D34412EC5E5}.Release|Any CPU.Build.0 = Release|Any CPU
	EndGlobalSection
	GlobalSection(SolutionProperties) = preSolution
		HideSolutionNode = FALSE
	EndGlobalSection
	GlobalSection(ExtensibilityGlobals) = postSolution
		SolutionGuid = {B5073621-9EAB-473B-B831-CAF4080853A6}
	EndGlobalSection
EndGlobal
