
Microsoft Visual Studio Solution File, Format Version 12.00
# Visual Studio Version 17
VisualStudioVersion = 17.12.35514.174
MinimumVisualStudioVersion = 10.0.40219.1
Project("{2150E333-8FDC-42A3-9474-1A3956D46DE8}") = "Backend", "Backend", "{35BCB47E-2A6C-49F3-9BEB-476DBBC4B7E7}"
EndProject
Project("{FAE04EC0-301F-11D3-BF4B-00C04F79EFBC}") = "TextService", "Backend\TextService\TextService.csproj", "{3D6569C7-BC12-461D-BEA4-4C1C62769738}"
EndProject
Project("{2150E333-8FDC-42A3-9474-1A3956D46DE8}") = "Scripts", "Scripts", "{B6D0CAD8-65DF-4E0B-B459-C95AABC10A5F}"
EndProject
Global
	GlobalSection(SolutionConfigurationPlatforms) = preSolution
		Debug|Any CPU = Debug|Any CPU
		Release|Any CPU = Release|Any CPU
	EndGlobalSection
	GlobalSection(ProjectConfigurationPlatforms) = postSolution
		{3D6569C7-BC12-461D-BEA4-4C1C62769738}.Debug|Any CPU.ActiveCfg = Debug|Any CPU
		{3D6569C7-BC12-461D-BEA4-4C1C62769738}.Debug|Any CPU.Build.0 = Debug|Any CPU
		{3D6569C7-BC12-461D-BEA4-4C1C62769738}.Release|Any CPU.ActiveCfg = Release|Any CPU
		{3D6569C7-BC12-461D-BEA4-4C1C62769738}.Release|Any CPU.Build.0 = Release|Any CPU
	EndGlobalSection
	GlobalSection(SolutionProperties) = preSolution
		HideSolutionNode = FALSE
	EndGlobalSection
	GlobalSection(NestedProjects) = preSolution
		{3D6569C7-BC12-461D-BEA4-4C1C62769738} = {35BCB47E-2A6C-49F3-9BEB-476DBBC4B7E7}
	EndGlobalSection
EndGlobal
