
Microsoft Visual Studio Solution File, Format Version 12.00
# Visual Studio Version 17
VisualStudioVersion = 17.12.35527.113
MinimumVisualStudioVersion = 10.0.40219.1
Project("{2150E333-8FDC-42A3-9474-1A3956D46DE8}") = "Services", "Services", "{13D5CB88-7A6F-49BA-BA7B-4581B5279618}"
EndProject
Project("{FAE04EC0-301F-11D3-BF4B-00C04F79EFBC}") = "HashService", "Services\HashService\HashService.csproj", "{FA1F6537-7D2F-4612-AD72-9F90182B41D4}"
EndProject
Project("{2150E333-8FDC-42A3-9474-1A3956D46DE8}") = "Infrastructure", "Infrastructure", "{F19616DC-B90C-413C-9408-187DC1187603}"
EndProject
Project("{FAE04EC0-301F-11D3-BF4B-00C04F79EFBC}") = "Pastebin.Infrastructure.SDK", "Infrastructure\Pastebin.Infrastructure.SDK\Pastebin.Infrastructure.SDK.csproj", "{BEAA0673-BE2D-4853-A6E9-9624018A767F}"
EndProject
Project("{2150E333-8FDC-42A3-9474-1A3956D46DE8}") = "Tests", "Tests", "{C7AEE561-E524-47BB-8247-90C0E14E66BF}"
EndProject
Project("{FAE04EC0-301F-11D3-BF4B-00C04F79EFBC}") = "Pastebin.Infrastructure.SDK.Test", "Tests\Pastebin.Infrastructure.SDK.Test\Pastebin.Infrastructure.SDK.Test.csproj", "{4A5D546F-1472-413E-B404-3AC008D8F263}"
EndProject
Project("{FAE04EC0-301F-11D3-BF4B-00C04F79EFBC}") = "PostService", "Services\PostService\PostService.csproj", "{CC3D43F8-B8C5-4D96-8F1A-A029A7C628D5}"
EndProject
Project("{E53339B2-1760-4266-BCC7-CA923CBCF16C}") = "docker-compose", "docker-compose.dcproj", "{FCBB961F-A5C2-4F75-8BCA-2B05954CD2F6}"
EndProject
Project("{FAE04EC0-301F-11D3-BF4B-00C04F79EFBC}") = "HashService.Test", "Tests\HashService.Test\HashService.Test.csproj", "{2996E432-73AC-41D2-BA4E-ACD5F4BE51FF}"
EndProject
Project("{FAE04EC0-301F-11D3-BF4B-00C04F79EFBC}") = "APIGateway", "Services\APIGateway\APIGateway.csproj", "{ED506F14-9724-4DFA-AB9B-E3D4111E7B3F}"
EndProject
Project("{2150E333-8FDC-42A3-9474-1A3956D46DE8}") = "Элементы решения", "Элементы решения", "{F10DE1EA-FBBB-4321-A09B-867F8601BB15}"
	ProjectSection(SolutionItems) = preProject
		SecretValues.env = SecretValues.env
	EndProjectSection
EndProject
Global
	GlobalSection(SolutionConfigurationPlatforms) = preSolution
		Debug|Any CPU = Debug|Any CPU
		Release|Any CPU = Release|Any CPU
	EndGlobalSection
	GlobalSection(ProjectConfigurationPlatforms) = postSolution
		{FA1F6537-7D2F-4612-AD72-9F90182B41D4}.Debug|Any CPU.ActiveCfg = Debug|Any CPU
		{FA1F6537-7D2F-4612-AD72-9F90182B41D4}.Debug|Any CPU.Build.0 = Debug|Any CPU
		{FA1F6537-7D2F-4612-AD72-9F90182B41D4}.Release|Any CPU.ActiveCfg = Release|Any CPU
		{FA1F6537-7D2F-4612-AD72-9F90182B41D4}.Release|Any CPU.Build.0 = Release|Any CPU
		{BEAA0673-BE2D-4853-A6E9-9624018A767F}.Debug|Any CPU.ActiveCfg = Debug|Any CPU
		{BEAA0673-BE2D-4853-A6E9-9624018A767F}.Debug|Any CPU.Build.0 = Debug|Any CPU
		{BEAA0673-BE2D-4853-A6E9-9624018A767F}.Release|Any CPU.ActiveCfg = Release|Any CPU
		{BEAA0673-BE2D-4853-A6E9-9624018A767F}.Release|Any CPU.Build.0 = Release|Any CPU
		{4A5D546F-1472-413E-B404-3AC008D8F263}.Debug|Any CPU.ActiveCfg = Debug|Any CPU
		{4A5D546F-1472-413E-B404-3AC008D8F263}.Debug|Any CPU.Build.0 = Debug|Any CPU
		{4A5D546F-1472-413E-B404-3AC008D8F263}.Release|Any CPU.ActiveCfg = Release|Any CPU
		{4A5D546F-1472-413E-B404-3AC008D8F263}.Release|Any CPU.Build.0 = Release|Any CPU
		{CC3D43F8-B8C5-4D96-8F1A-A029A7C628D5}.Debug|Any CPU.ActiveCfg = Debug|Any CPU
		{CC3D43F8-B8C5-4D96-8F1A-A029A7C628D5}.Debug|Any CPU.Build.0 = Debug|Any CPU
		{CC3D43F8-B8C5-4D96-8F1A-A029A7C628D5}.Release|Any CPU.ActiveCfg = Release|Any CPU
		{CC3D43F8-B8C5-4D96-8F1A-A029A7C628D5}.Release|Any CPU.Build.0 = Release|Any CPU
		{FCBB961F-A5C2-4F75-8BCA-2B05954CD2F6}.Debug|Any CPU.ActiveCfg = Debug|Any CPU
		{FCBB961F-A5C2-4F75-8BCA-2B05954CD2F6}.Debug|Any CPU.Build.0 = Debug|Any CPU
		{FCBB961F-A5C2-4F75-8BCA-2B05954CD2F6}.Release|Any CPU.ActiveCfg = Release|Any CPU
		{FCBB961F-A5C2-4F75-8BCA-2B05954CD2F6}.Release|Any CPU.Build.0 = Release|Any CPU
		{2996E432-73AC-41D2-BA4E-ACD5F4BE51FF}.Debug|Any CPU.ActiveCfg = Debug|Any CPU
		{2996E432-73AC-41D2-BA4E-ACD5F4BE51FF}.Debug|Any CPU.Build.0 = Debug|Any CPU
		{2996E432-73AC-41D2-BA4E-ACD5F4BE51FF}.Release|Any CPU.ActiveCfg = Release|Any CPU
		{2996E432-73AC-41D2-BA4E-ACD5F4BE51FF}.Release|Any CPU.Build.0 = Release|Any CPU
		{ED506F14-9724-4DFA-AB9B-E3D4111E7B3F}.Debug|Any CPU.ActiveCfg = Debug|Any CPU
		{ED506F14-9724-4DFA-AB9B-E3D4111E7B3F}.Debug|Any CPU.Build.0 = Debug|Any CPU
		{ED506F14-9724-4DFA-AB9B-E3D4111E7B3F}.Release|Any CPU.ActiveCfg = Release|Any CPU
		{ED506F14-9724-4DFA-AB9B-E3D4111E7B3F}.Release|Any CPU.Build.0 = Release|Any CPU
	EndGlobalSection
	GlobalSection(SolutionProperties) = preSolution
		HideSolutionNode = FALSE
	EndGlobalSection
	GlobalSection(NestedProjects) = preSolution
		{FA1F6537-7D2F-4612-AD72-9F90182B41D4} = {13D5CB88-7A6F-49BA-BA7B-4581B5279618}
		{BEAA0673-BE2D-4853-A6E9-9624018A767F} = {F19616DC-B90C-413C-9408-187DC1187603}
		{4A5D546F-1472-413E-B404-3AC008D8F263} = {C7AEE561-E524-47BB-8247-90C0E14E66BF}
		{CC3D43F8-B8C5-4D96-8F1A-A029A7C628D5} = {13D5CB88-7A6F-49BA-BA7B-4581B5279618}
		{2996E432-73AC-41D2-BA4E-ACD5F4BE51FF} = {C7AEE561-E524-47BB-8247-90C0E14E66BF}
		{ED506F14-9724-4DFA-AB9B-E3D4111E7B3F} = {13D5CB88-7A6F-49BA-BA7B-4581B5279618}
	EndGlobalSection
EndGlobal
